
Microsoft Visual Studio Solution File, Format Version 12.00
# Visual Studio Version 16
VisualStudioVersion = 16.0.29709.97
MinimumVisualStudioVersion = 10.0.40219.1
Project("{FAE04EC0-301F-11D3-BF4B-00C04F79EFBC}") = "SampleMVC", "SampleMVC\SampleMVC.csproj", "{53D246D3-80A9-4CDA-93A1-9CFE9BEECF42}"
EndProject
Global
	GlobalSection(SolutionConfigurationPlatforms) = preSolution
		Debug|Any CPU = Debug|Any CPU
		Release|Any CPU = Release|Any CPU
	EndGlobalSection
	GlobalSection(ProjectConfigurationPlatforms) = postSolution
		{53D246D3-80A9-4CDA-93A1-9CFE9BEECF42}.Debug|Any CPU.ActiveCfg = Debug|Any CPU
		{53D246D3-80A9-4CDA-93A1-9CFE9BEECF42}.Debug|Any CPU.Build.0 = Debug|Any CPU
		{53D246D3-80A9-4CDA-93A1-9CFE9BEECF42}.Release|Any CPU.ActiveCfg = Release|Any CPU
		{53D246D3-80A9-4CDA-93A1-9CFE9BEECF42}.Release|Any CPU.Build.0 = Release|Any CPU
	EndGlobalSection
	GlobalSection(SolutionProperties) = preSolution
		HideSolutionNode = FALSE
	EndGlobalSection
	GlobalSection(ExtensibilityGlobals) = postSolution
		SolutionGuid = {87115906-1BDC-4420-9015-1D9F34C49F9D}
	EndGlobalSection
EndGlobal
